
Microsoft Visual Studio Solution File, Format Version 12.00
# Visual Studio 2013
VisualStudioVersion = 12.0.21005.1
MinimumVisualStudioVersion = 10.0.40219.1
Project("{FAE04EC0-301F-11D3-BF4B-00C04F79EFBC}") = "TestGit", "TestGit\TestGit.csproj", "{F28A33A4-BDD6-426E-BFA6-3FDEEC8121BA}"
EndProject
Project("{FAE04EC0-301F-11D3-BF4B-00C04F79EFBC}") = "TestGit.Tests", "TestGit.Tests\TestGit.Tests.csproj", "{08472BEF-E7D3-4CD0-90CA-73621FD63860}"
EndProject
Global
	GlobalSection(SolutionConfigurationPlatforms) = preSolution
		Debug|Any CPU = Debug|Any CPU
		Release|Any CPU = Release|Any CPU
	EndGlobalSection
	GlobalSection(ProjectConfigurationPlatforms) = postSolution
		{F28A33A4-BDD6-426E-BFA6-3FDEEC8121BA}.Debug|Any CPU.ActiveCfg = Debug|Any CPU
		{F28A33A4-BDD6-426E-BFA6-3FDEEC8121BA}.Debug|Any CPU.Build.0 = Debug|Any CPU
		{F28A33A4-BDD6-426E-BFA6-3FDEEC8121BA}.Release|Any CPU.ActiveCfg = Release|Any CPU
		{F28A33A4-BDD6-426E-BFA6-3FDEEC8121BA}.Release|Any CPU.Build.0 = Release|Any CPU
		{08472BEF-E7D3-4CD0-90CA-73621FD63860}.Debug|Any CPU.ActiveCfg = Debug|Any CPU
		{08472BEF-E7D3-4CD0-90CA-73621FD63860}.Debug|Any CPU.Build.0 = Debug|Any CPU
		{08472BEF-E7D3-4CD0-90CA-73621FD63860}.Release|Any CPU.ActiveCfg = Release|Any CPU
		{08472BEF-E7D3-4CD0-90CA-73621FD63860}.Release|Any CPU.Build.0 = Release|Any CPU
	EndGlobalSection
	GlobalSection(SolutionProperties) = preSolution
		HideSolutionNode = FALSE
	EndGlobalSection
EndGlobal
